{
  "name": "miniprogram",
  "version": "1.0.0",
  "lockfileVersion": 2,
  "requires": true,
  "packages": {
    "": {
      "name": "miniprogram",
      "version": "1.0.0",
      "license": "ISC",
      "dependencies": {
        "@qiun/ucharts": "^2.4.3-20220505",
        "@qiun/wx-ucharts": "^2.4.3-20220505",
        "lin-ui": "^0.9.12"
      }
    },
    "node_modules/@qiun/ucharts": {
      "version": "2.4.3-20220505",
      "resolved": "https://registry.npmjs.org/@qiun/ucharts/-/ucharts-2.4.3-20220505.tgz",
      "integrity": "sha512-2ndkqsHfGPTCEcnPOb2xvA+LBtiTlvH/y8uIBzxQhXa1y1jQkNaY9PwZkhQjiIrX8rgiZncjAW6nkBgHLIx7zw=="
    },
    "node_modules/@qiun/wx-ucharts": {
      "version": "2.4.3-20220505",
      "resolved": "https://registry.npmjs.org/@qiun/wx-ucharts/-/wx-ucharts-2.4.3-20220505.tgz",
      "integrity": "sha512-mM4IC993JzbZ2IYTqbRIhengve9PpQtC/uaLh6cfwFgufkFTkPHsj5jwck+iGomil6l4nOYtoDGZBXnN/YKZ7Q=="
    },
    "node_modules/lin-ui": {
      "version": "0.9.12",
      "resolved": "https://registry.npmmirror.com/lin-ui/-/lin-ui-0.9.12.tgz",
      "integrity": "sha512-3eXi4VgkxUbjCra8afVndi+bBi4CUrqhvGKt1p56W2zoZbk0c1ZQogX5mGjMpYrD1P2vPWx1Kw1nGipWog/lug=="
    }
  },
  "dependencies": {
    "@qiun/ucharts": {
      "version": "2.4.3-20220505",
      "resolved": "https://registry.npmjs.org/@qiun/ucharts/-/ucharts-2.4.3-20220505.tgz",
      "integrity": "sha512-2ndkqsHfGPTCEcnPOb2xvA+LBtiTlvH/y8uIBzxQhXa1y1jQkNaY9PwZkhQjiIrX8rgiZncjAW6nkBgHLIx7zw=="
    },
    "@qiun/wx-ucharts": {
      "version": "2.4.3-20220505",
      "resolved": "https://registry.npmjs.org/@qiun/wx-ucharts/-/wx-ucharts-2.4.3-20220505.tgz",
      "integrity": "sha512-mM4IC993JzbZ2IYTqbRIhengve9PpQtC/uaLh6cfwFgufkFTkPHsj5jwck+iGomil6l4nOYtoDGZBXnN/YKZ7Q=="
    },
    "lin-ui": {
      "version": "0.9.12",
      "resolved": "https://registry.npmmirror.com/lin-ui/-/lin-ui-0.9.12.tgz",
      "integrity": "sha512-3eXi4VgkxUbjCra8afVndi+bBi4CUrqhvGKt1p56W2zoZbk0c1ZQogX5mGjMpYrD1P2vPWx1Kw1nGipWog/lug=="
    }
  }
}
